// !$*UTF8*$!
{
	archiveVersion = 1;
	classes = {
	};
	objectVersion = 46;
	objects = {

/* Begin PBXBuildFile section */
		F490846E1B17EB29001CAA9C /* libptv-api.dylib in Frameworks */ = {isa = PBXBuildFile; fileRef = F49084621B17EB29001CAA9C /* libptv-api.dylib */; };
		F49084801B17EB69001CAA9C /* PtvTtApi.h in Headers */ = {isa = PBXBuildFile; fileRef = F490847C1B17EB69001CAA9C /* PtvTtApi.h */; };
		F49084811B17EB69001CAA9C /* PtvTtApi.m in Sources */ = {isa = PBXBuildFile; fileRef = F490847D1B17EB69001CAA9C /* PtvTtApi.m */; };
		F49084831B17ED9B001CAA9C /* MelbournePTTests.m in Sources */ = {isa = PBXBuildFile; fileRef = F49084821B17ED9B001CAA9C /* MelbournePTTests.m */; };
/* End PBXBuildFile section */

/* Begin PBXContainerItemProxy section */
		F490846F1B17EB29001CAA9C /* PBXContainerItemProxy */ = {
			isa = PBXContainerItemProxy;
			containerPortal = F49084581B17E86E001CAA9C /* Project object */;
			proxyType = 1;
			remoteGlobalIDString = F49084611B17EB29001CAA9C;
			remoteInfo = "ptv-api";
		};
/* End PBXContainerItemProxy section */

/* Begin PBXFileReference section */
		F49084621B17EB29001CAA9C /* libptv-api.dylib */ = {isa = PBXFileReference; explicitFileType = "compiled.mach-o.dylib"; includeInIndex = 0; path = "libptv-api.dylib"; sourceTree = BUILT_PRODUCTS_DIR; };
		F490846D1B17EB29001CAA9C /* ptv-apiTests.xctest */ = {isa = PBXFileReference; explicitFileType = wrapper.cfbundle; includeInIndex = 0; path = "ptv-apiTests.xctest"; sourceTree = BUILT_PRODUCTS_DIR; };
		F49084731B17EB29001CAA9C /* Info.plist */ = {isa = PBXFileReference; lastKnownFileType = text.plist.xml; path = Info.plist; sourceTree = "<group>"; };
		F490847C1B17EB69001CAA9C /* PtvTtApi.h */ = {isa = PBXFileReference; fileEncoding = 4; lastKnownFileType = sourcecode.c.h; path = PtvTtApi.h; sourceTree = "<group>"; };
		F490847D1B17EB69001CAA9C /* PtvTtApi.m */ = {isa = PBXFileReference; fileEncoding = 4; lastKnownFileType = sourcecode.c.objc; path = PtvTtApi.m; sourceTree = "<group>"; };
		F49084821B17ED9B001CAA9C /* MelbournePTTests.m */ = {isa = PBXFileReference; fileEncoding = 4; lastKnownFileType = sourcecode.c.objc; path = MelbournePTTests.m; sourceTree = "<group>"; };
/* End PBXFileReference section */

/* Begin PBXFrameworksBuildPhase section */
		F490845F1B17EB29001CAA9C /* Frameworks */ = {
			isa = PBXFrameworksBuildPhase;
			buildActionMask = 2147483647;
			files = (
			);
			runOnlyForDeploymentPostprocessing = 0;
		};
		F490846A1B17EB29001CAA9C /* Frameworks */ = {
			isa = PBXFrameworksBuildPhase;
			buildActionMask = 2147483647;
			files = (
				F490846E1B17EB29001CAA9C /* libptv-api.dylib in Frameworks */,
			);
			runOnlyForDeploymentPostprocessing = 0;
		};
/* End PBXFrameworksBuildPhase section */

/* Begin PBXGroup section */
		F49084571B17E86E001CAA9C = {
			isa = PBXGroup;
			children = (
				F49084641B17EB29001CAA9C /* ptv-api */,
				F49084711B17EB29001CAA9C /* ptv-apiTests */,
				F49084631B17EB29001CAA9C /* Products */,
			);
			sourceTree = "<group>";
		};
		F49084631B17EB29001CAA9C /* Products */ = {
			isa = PBXGroup;
			children = (
				F49084621B17EB29001CAA9C /* libptv-api.dylib */,
				F490846D1B17EB29001CAA9C /* ptv-apiTests.xctest */,
			);
			name = Products;
			sourceTree = "<group>";
		};
		F49084641B17EB29001CAA9C /* ptv-api */ = {
			isa = PBXGroup;
			children = (
				F490847C1B17EB69001CAA9C /* PtvTtApi.h */,
				F490847D1B17EB69001CAA9C /* PtvTtApi.m */,
			);
			path = "ptv-api";
			sourceTree = "<group>";
		};
		F49084711B17EB29001CAA9C /* ptv-apiTests */ = {
			isa = PBXGroup;
			children = (
				F49084821B17ED9B001CAA9C /* MelbournePTTests.m */,
				F49084721B17EB29001CAA9C /* Supporting Files */,
			);
			path = "ptv-apiTests";
			sourceTree = "<group>";
		};
		F49084721B17EB29001CAA9C /* Supporting Files */ = {
			isa = PBXGroup;
			children = (
				F49084731B17EB29001CAA9C /* Info.plist */,
			);
			name = "Supporting Files";
			sourceTree = "<group>";
		};
/* End PBXGroup section */

/* Begin PBXHeadersBuildPhase section */
		F49084601B17EB29001CAA9C /* Headers */ = {
			isa = PBXHeadersBuildPhase;
			buildActionMask = 2147483647;
			files = (
				F49084801B17EB69001CAA9C /* PtvTtApi.h in Headers */,
			);
			runOnlyForDeploymentPostprocessing = 0;
		};
/* End PBXHeadersBuildPhase section */

/* Begin PBXNativeTarget section */
		F49084611B17EB29001CAA9C /* ptv-api */ = {
			isa = PBXNativeTarget;
			buildConfigurationList = F49084781B17EB29001CAA9C /* Build configuration list for PBXNativeTarget "ptv-api" */;
			buildPhases = (
				F490845E1B17EB29001CAA9C /* Sources */,
				F490845F1B17EB29001CAA9C /* Frameworks */,
				F49084601B17EB29001CAA9C /* Headers */,
			);
			buildRules = (
			);
			dependencies = (
			);
			name = "ptv-api";
			productName = "ptv-api";
			productReference = F49084621B17EB29001CAA9C /* libptv-api.dylib */;
			productType = "com.apple.product-type.library.dynamic";
		};
		F490846C1B17EB29001CAA9C /* ptv-apiTests */ = {
			isa = PBXNativeTarget;
			buildConfigurationList = F49084791B17EB29001CAA9C /* Build configuration list for PBXNativeTarget "ptv-apiTests" */;
			buildPhases = (
				F49084691B17EB29001CAA9C /* Sources */,
				F490846A1B17EB29001CAA9C /* Frameworks */,
				F490846B1B17EB29001CAA9C /* Resources */,
			);
			buildRules = (
			);
			dependencies = (
				F49084701B17EB29001CAA9C /* PBXTargetDependency */,
			);
			name = "ptv-apiTests";
			productName = "ptv-apiTests";
			productReference = F490846D1B17EB29001CAA9C /* ptv-apiTests.xctest */;
			productType = "com.apple.product-type.bundle.unit-test";
		};
/* End PBXNativeTarget section */

/* Begin PBXProject section */
		F49084581B17E86E001CAA9C /* Project object */ = {
			isa = PBXProject;
			attributes = {
				LastUpgradeCheck = 0630;
				TargetAttributes = {
					F49084611B17EB29001CAA9C = {
						CreatedOnToolsVersion = 6.3.2;
					};
					F490846C1B17EB29001CAA9C = {
						CreatedOnToolsVersion = 6.3.2;
					};
				};
			};
			buildConfigurationList = F490845B1B17E86E001CAA9C /* Build configuration list for PBXProject "ptv-api-objectivec" */;
			compatibilityVersion = "Xcode 3.2";
			developmentRegion = English;
			hasScannedForEncodings = 0;
			knownRegions = (
				en,
			);
			mainGroup = F49084571B17E86E001CAA9C;
			productRefGroup = F49084631B17EB29001CAA9C /* Products */;
			projectDirPath = "";
			projectRoot = "";
			targets = (
				F49084611B17EB29001CAA9C /* ptv-api */,
				F490846C1B17EB29001CAA9C /* ptv-apiTests */,
			);
		};
/* End PBXProject section */

/* Begin PBXResourcesBuildPhase section */
		F490846B1B17EB29001CAA9C /* Resources */ = {
			isa = PBXResourcesBuildPhase;
			buildActionMask = 2147483647;
			files = (
			);
			runOnlyForDeploymentPostprocessing = 0;
		};
/* End PBXResourcesBuildPhase section */

/* Begin PBXSourcesBuildPhase section */
		F490845E1B17EB29001CAA9C /* Sources */ = {
			isa = PBXSourcesBuildPhase;
			buildActionMask = 2147483647;
			files = (
				F49084811B17EB69001CAA9C /* PtvTtApi.m in Sources */,
			);
			runOnlyForDeploymentPostprocessing = 0;
		};
		F49084691B17EB29001CAA9C /* Sources */ = {
			isa = PBXSourcesBuildPhase;
			buildActionMask = 2147483647;
			files = (
				F49084831B17ED9B001CAA9C /* MelbournePTTests.m in Sources */,
			);
			runOnlyForDeploymentPostprocessing = 0;
		};
/* End PBXSourcesBuildPhase section */

/* Begin PBXTargetDependency section */
		F49084701B17EB29001CAA9C /* PBXTargetDependency */ = {
			isa = PBXTargetDependency;
			target = F49084611B17EB29001CAA9C /* ptv-api */;
			targetProxy = F490846F1B17EB29001CAA9C /* PBXContainerItemProxy */;
		};
/* End PBXTargetDependency section */

/* Begin XCBuildConfiguration section */
		F490845C1B17E86E001CAA9C /* Debug */ = {
			isa = XCBuildConfiguration;
			buildSettings = {
			};
			name = Debug;
		};
		F490845D1B17E86E001CAA9C /* Release */ = {
			isa = XCBuildConfiguration;
			buildSettings = {
			};
			name = Release;
		};
		F49084741B17EB29001CAA9C /* Debug */ = {
			isa = XCBuildConfiguration;
			buildSettings = {
				ALWAYS_SEARCH_USER_PATHS = NO;
				CLANG_CXX_LANGUAGE_STANDARD = "gnu++0x";
				CLANG_CXX_LIBRARY = "libc++";
				CLANG_ENABLE_MODULES = YES;
				CLANG_ENABLE_OBJC_ARC = YES;
				CLANG_WARN_BOOL_CONVERSION = YES;
				CLANG_WARN_CONSTANT_CONVERSION = YES;
				CLANG_WARN_DIRECT_OBJC_ISA_USAGE = YES_ERROR;
				CLANG_WARN_EMPTY_BODY = YES;
				CLANG_WARN_ENUM_CONVERSION = YES;
				CLANG_WARN_INT_CONVERSION = YES;
				CLANG_WARN_OBJC_ROOT_CLASS = YES_ERROR;
				CLANG_WARN_UNREACHABLE_CODE = YES;
				CLANG_WARN__DUPLICATE_METHOD_MATCH = YES;
				COPY_PHASE_STRIP = NO;
				DEBUG_INFORMATION_FORMAT = dwarf;
				DYLIB_COMPATIBILITY_VERSION = 1;
				DYLIB_CURRENT_VERSION = 1;
				ENABLE_STRICT_OBJC_MSGSEND = YES;
				EXECUTABLE_PREFIX = lib;
				GCC_C_LANGUAGE_STANDARD = gnu99;
				GCC_DYNAMIC_NO_PIC = NO;
				GCC_NO_COMMON_BLOCKS = YES;
				GCC_OPTIMIZATION_LEVEL = 0;
				GCC_PREPROCESSOR_DEFINITIONS = (
					"DEBUG=1",
					"$(inherited)",
				);
				GCC_SYMBOLS_PRIVATE_EXTERN = NO;
				GCC_WARN_64_TO_32_BIT_CONVERSION = YES;
				GCC_WARN_ABOUT_RETURN_TYPE = YES_ERROR;
				GCC_WARN_UNDECLARED_SELECTOR = YES;
				GCC_WARN_UNINITIALIZED_AUTOS = YES_AGGRESSIVE;
				GCC_WARN_UNUSED_FUNCTION = YES;
				GCC_WARN_UNUSED_VARIABLE = YES;
				MACOSX_DEPLOYMENT_TARGET = 10.10;
				MTL_ENABLE_DEBUG_INFO = YES;
				ONLY_ACTIVE_ARCH = YES;
				PRODUCT_NAME = "$(TARGET_NAME)";
				SDKROOT = macosx;
			};
			name = Debug;
		};
		F49084751B17EB29001CAA9C /* Release */ = {
			isa = XCBuildConfiguration;
			buildSettings = {
				ALWAYS_SEARCH_USER_PATHS = NO;
				CLANG_CXX_LANGUAGE_STANDARD = "gnu++0x";
				CLANG_CXX_LIBRARY = "libc++";
				CLANG_ENABLE_MODULES = YES;
				CLANG_ENABLE_OBJC_ARC = YES;
				CLANG_WARN_BOOL_CONVERSION = YES;
				CLANG_WARN_CONSTANT_CONVERSION = YES;
				CLANG_WARN_DIRECT_OBJC_ISA_USAGE = YES_ERROR;
				CLANG_WARN_EMPTY_BODY = YES;
				CLANG_WARN_ENUM_CONVERSION = YES;
				CLANG_WARN_INT_CONVERSION = YES;
				CLANG_WARN_OBJC_ROOT_CLASS = YES_ERROR;
				CLANG_WARN_UNREACHABLE_CODE = YES;
				CLANG_WARN__DUPLICATE_METHOD_MATCH = YES;
				COPY_PHASE_STRIP = NO;
				DEBUG_INFORMATION_FORMAT = "dwarf-with-dsym";
				DYLIB_COMPATIBILITY_VERSION = 1;
				DYLIB_CURRENT_VERSION = 1;
				ENABLE_NS_ASSERTIONS = NO;
				ENABLE_STRICT_OBJC_MSGSEND = YES;
				EXECUTABLE_PREFIX = lib;
				GCC_C_LANGUAGE_STANDARD = gnu99;
				GCC_NO_COMMON_BLOCKS = YES;
				GCC_WARN_64_TO_32_BIT_CONVERSION = YES;
				GCC_WARN_ABOUT_RETURN_TYPE = YES_ERROR;
				GCC_WARN_UNDECLARED_SELECTOR = YES;
				GCC_WARN_UNINITIALIZED_AUTOS = YES_AGGRESSIVE;
				GCC_WARN_UNUSED_FUNCTION = YES;
				GCC_WARN_UNUSED_VARIABLE = YES;
				MACOSX_DEPLOYMENT_TARGET = 10.10;
				MTL_ENABLE_DEBUG_INFO = NO;
				PRODUCT_NAME = "$(TARGET_NAME)";
				SDKROOT = macosx;
			};
			name = Release;
		};
		F49084761B17EB29001CAA9C /* Debug */ = {
			isa = XCBuildConfiguration;
			buildSettings = {
				ALWAYS_SEARCH_USER_PATHS = NO;
				CLANG_CXX_LANGUAGE_STANDARD = "gnu++0x";
				CLANG_CXX_LIBRARY = "libc++";
				CLANG_ENABLE_MODULES = YES;
				CLANG_ENABLE_OBJC_ARC = YES;
				CLANG_WARN_BOOL_CONVERSION = YES;
				CLANG_WARN_CONSTANT_CONVERSION = YES;
				CLANG_WARN_DIRECT_OBJC_ISA_USAGE = YES_ERROR;
				CLANG_WARN_EMPTY_BODY = YES;
				CLANG_WARN_ENUM_CONVERSION = YES;
				CLANG_WARN_INT_CONVERSION = YES;
				CLANG_WARN_OBJC_ROOT_CLASS = YES_ERROR;
				CLANG_WARN_UNREACHABLE_CODE = YES;
				CLANG_WARN__DUPLICATE_METHOD_MATCH = YES;
				COMBINE_HIDPI_IMAGES = YES;
				COPY_PHASE_STRIP = NO;
				DEBUG_INFORMATION_FORMAT = dwarf;
				ENABLE_STRICT_OBJC_MSGSEND = YES;
				FRAMEWORK_SEARCH_PATHS = (
					"$(DEVELOPER_FRAMEWORKS_DIR)",
					"$(inherited)",
				);
				GCC_C_LANGUAGE_STANDARD = gnu99;
				GCC_DYNAMIC_NO_PIC = NO;
				GCC_NO_COMMON_BLOCKS = YES;
				GCC_OPTIMIZATION_LEVEL = 0;
				GCC_PREPROCESSOR_DEFINITIONS = (
					"DEBUG=1",
					"$(inherited)",
				);
				GCC_SYMBOLS_PRIVATE_EXTERN = NO;
				GCC_WARN_64_TO_32_BIT_CONVERSION = YES;
				GCC_WARN_ABOUT_RETURN_TYPE = YES_ERROR;
				GCC_WARN_UNDECLARED_SELECTOR = YES;
				GCC_WARN_UNINITIALIZED_AUTOS = YES_AGGRESSIVE;
				GCC_WARN_UNUSED_FUNCTION = YES;
				GCC_WARN_UNUSED_VARIABLE = YES;
				INFOPLIST_FILE = "ptv-apiTests/Info.plist";
				LD_RUNPATH_SEARCH_PATHS = "$(inherited) @executable_path/../Frameworks @loader_path/../Frameworks";
				MACOSX_DEPLOYMENT_TARGET = 10.10;
				MTL_ENABLE_DEBUG_INFO = YES;
				ONLY_ACTIVE_ARCH = YES;
				PRODUCT_NAME = "$(TARGET_NAME)";
				SDKROOT = macosx;
			};
			name = Debug;
		};
		F49084771B17EB29001CAA9C /* Release */ = {
			isa = XCBuildConfiguration;
			buildSettings = {
				ALWAYS_SEARCH_USER_PATHS = NO;
				CLANG_CXX_LANGUAGE_STANDARD = "gnu++0x";
				CLANG_CXX_LIBRARY = "libc++";
				CLANG_ENABLE_MODULES = YES;
				CLANG_ENABLE_OBJC_ARC = YES;
				CLANG_WARN_BOOL_CONVERSION = YES;
				CLANG_WARN_CONSTANT_CONVERSION = YES;
				CLANG_WARN_DIRECT_OBJC_ISA_USAGE = YES_ERROR;
				CLANG_WARN_EMPTY_BODY = YES;
				CLANG_WARN_ENUM_CONVERSION = YES;
				CLANG_WARN_INT_CONVERSION = YES;
				CLANG_WARN_OBJC_ROOT_CLASS = YES_ERROR;
				CLANG_WARN_UNREACHABLE_CODE = YES;
				CLANG_WARN__DUPLICATE_METHOD_MATCH = YES;
				COMBINE_HIDPI_IMAGES = YES;
				COPY_PHASE_STRIP = NO;
				DEBUG_INFORMATION_FORMAT = "dwarf-with-dsym";
				ENABLE_NS_ASSERTIONS = NO;
				ENABLE_STRICT_OBJC_MSGSEND = YES;
				FRAMEWORK_SEARCH_PATHS = (
					"$(DEVELOPER_FRAMEWORKS_DIR)",
					"$(inherited)",
				);
				GCC_C_LANGUAGE_STANDARD = gnu99;
				GCC_NO_COMMON_BLOCKS = YES;
				GCC_WARN_64_TO_32_BIT_CONVERSION = YES;
				GCC_WARN_ABOUT_RETURN_TYPE = YES_ERROR;
				GCC_WARN_UNDECLARED_SELECTOR = YES;
				GCC_WARN_UNINITIALIZED_AUTOS = YES_AGGRESSIVE;
				GCC_WARN_UNUSED_FUNCTION = YES;
				GCC_WARN_UNUSED_VARIABLE = YES;
				INFOPLIST_FILE = "ptv-apiTests/Info.plist";
				LD_RUNPATH_SEARCH_PATHS = "$(inherited) @executable_path/../Frameworks @loader_path/../Frameworks";
				MACOSX_DEPLOYMENT_TARGET = 10.10;
				MTL_ENABLE_DEBUG_INFO = NO;
				PRODUCT_NAME = "$(TARGET_NAME)";
				SDKROOT = macosx;
			};
			name = Release;
		};
/* End XCBuildConfiguration section */

/* Begin XCConfigurationList section */
		F490845B1B17E86E001CAA9C /* Build configuration list for PBXProject "ptv-api-objectivec" */ = {
			isa = XCConfigurationList;
			buildConfigurations = (
				F490845C1B17E86E001CAA9C /* Debug */,
				F490845D1B17E86E001CAA9C /* Release */,
			);
			defaultConfigurationIsVisible = 0;
			defaultConfigurationName = Release;
		};
		F49084781B17EB29001CAA9C /* Build configuration list for PBXNativeTarget "ptv-api" */ = {
			isa = XCConfigurationList;
			buildConfigurations = (
				F49084741B17EB29001CAA9C /* Debug */,
				F49084751B17EB29001CAA9C /* Release */,
			);
			defaultConfigurationIsVisible = 0;
		};
		F49084791B17EB29001CAA9C /* Build configuration list for PBXNativeTarget "ptv-apiTests" */ = {
			isa = XCConfigurationList;
			buildConfigurations = (
				F49084761B17EB29001CAA9C /* Debug */,
				F49084771B17EB29001CAA9C /* Release */,
			);
			defaultConfigurationIsVisible = 0;
		};
/* End XCConfigurationList section */
	};
	rootObject = F49084581B17E86E001CAA9C /* Project object */;
}
